// !$*UTF8*$!
{
	archiveVersion = 1;
	classes = {
	};
	objectVersion = 56;
	objects = {

/* Begin PBXBuildFile section */
		344C31E72AE7009E009CE6B8 /* AppFeatureLive in Frameworks */ = {isa = PBXBuildFile; productRef = 344C31E62AE7009E009CE6B8 /* AppFeatureLive */; };
		344C31EF2AE70120009CE6B8 /* AppDelegate.swift in Sources */ = {isa = PBXBuildFile; fileRef = 344C31EE2AE70120009CE6B8 /* AppDelegate.swift */; };
		344C31F12AE70120009CE6B8 /* SceneDelegate.swift in Sources */ = {isa = PBXBuildFile; fileRef = 344C31F02AE70120009CE6B8 /* SceneDelegate.swift */; };
		344C31F82AE70121009CE6B8 /* Assets.xcassets in Resources */ = {isa = PBXBuildFile; fileRef = 344C31F72AE70121009CE6B8 /* Assets.xcassets */; };
		344C31FB2AE70121009CE6B8 /* LaunchScreen.storyboard in Resources */ = {isa = PBXBuildFile; fileRef = 344C31F92AE70121009CE6B8 /* LaunchScreen.storyboard */; };
		344C32012AE70158009CE6B8 /* AppFeature in Frameworks */ = {isa = PBXBuildFile; productRef = 344C32002AE70158009CE6B8 /* AppFeature */; };
		34C3C5EF2AA2014C00576795 /* AppDelegate.swift in Sources */ = {isa = PBXBuildFile; fileRef = 34C3C5EE2AA2014C00576795 /* AppDelegate.swift */; };
		34C3C5F12AA2014C00576795 /* SceneDelegate.swift in Sources */ = {isa = PBXBuildFile; fileRef = 34C3C5F02AA2014C00576795 /* SceneDelegate.swift */; };
		34C3C5F82AA2015200576795 /* Assets.xcassets in Resources */ = {isa = PBXBuildFile; fileRef = 34C3C5F72AA2015200576795 /* Assets.xcassets */; };
		34C3C5FB2AA2015200576795 /* LaunchScreen.storyboard in Resources */ = {isa = PBXBuildFile; fileRef = 34C3C5F92AA2015200576795 /* LaunchScreen.storyboard */; };
/* End PBXBuildFile section */

/* Begin PBXFileReference section */
		344C31EC2AE70120009CE6B8 /* AppArchitectureExampleMock.app */ = {isa = PBXFileReference; explicitFileType = wrapper.application; includeInIndex = 0; path = AppArchitectureExampleMock.app; sourceTree = BUILT_PRODUCTS_DIR; };
		344C31EE2AE70120009CE6B8 /* AppDelegate.swift */ = {isa = PBXFileReference; lastKnownFileType = sourcecode.swift; path = AppDelegate.swift; sourceTree = "<group>"; };
		344C31F02AE70120009CE6B8 /* SceneDelegate.swift */ = {isa = PBXFileReference; lastKnownFileType = sourcecode.swift; path = SceneDelegate.swift; sourceTree = "<group>"; };
		344C31F72AE70121009CE6B8 /* Assets.xcassets */ = {isa = PBXFileReference; lastKnownFileType = folder.assetcatalog; path = Assets.xcassets; sourceTree = "<group>"; };
		344C31FA2AE70121009CE6B8 /* Base */ = {isa = PBXFileReference; lastKnownFileType = file.storyboard; name = Base; path = Base.lproj/LaunchScreen.storyboard; sourceTree = "<group>"; };
		344C31FC2AE70121009CE6B8 /* Info.plist */ = {isa = PBXFileReference; lastKnownFileType = text.plist.xml; path = Info.plist; sourceTree = "<group>"; };
		34C3C5EB2AA2014C00576795 /* AppArchitectureExample.app */ = {isa = PBXFileReference; explicitFileType = wrapper.application; includeInIndex = 0; path = AppArchitectureExample.app; sourceTree = BUILT_PRODUCTS_DIR; };
		34C3C5EE2AA2014C00576795 /* AppDelegate.swift */ = {isa = PBXFileReference; lastKnownFileType = sourcecode.swift; path = AppDelegate.swift; sourceTree = "<group>"; };
		34C3C5F02AA2014C00576795 /* SceneDelegate.swift */ = {isa = PBXFileReference; lastKnownFileType = sourcecode.swift; path = SceneDelegate.swift; sourceTree = "<group>"; };
		34C3C5F72AA2015200576795 /* Assets.xcassets */ = {isa = PBXFileReference; lastKnownFileType = folder.assetcatalog; path = Assets.xcassets; sourceTree = "<group>"; };
		34C3C5FA2AA2015200576795 /* Base */ = {isa = PBXFileReference; lastKnownFileType = file.storyboard; name = Base; path = Base.lproj/LaunchScreen.storyboard; sourceTree = "<group>"; };
		34C3C5FC2AA2015200576795 /* Info.plist */ = {isa = PBXFileReference; lastKnownFileType = text.plist.xml; path = Info.plist; sourceTree = "<group>"; };
		34C3C6022AA2034C00576795 /* App */ = {isa = PBXFileReference; lastKnownFileType = wrapper; path = App; sourceTree = "<group>"; };
/* End PBXFileReference section */

/* Begin PBXFrameworksBuildPhase section */
		344C31E92AE70120009CE6B8 /* Frameworks */ = {
			isa = PBXFrameworksBuildPhase;
			buildActionMask = 2147483647;
			files = (
				344C32012AE70158009CE6B8 /* AppFeature in Frameworks */,
			);
			runOnlyForDeploymentPostprocessing = 0;
		};
		34C3C5E82AA2014C00576795 /* Frameworks */ = {
			isa = PBXFrameworksBuildPhase;
			buildActionMask = 2147483647;
			files = (
				344C31E72AE7009E009CE6B8 /* AppFeatureLive in Frameworks */,
			);
			runOnlyForDeploymentPostprocessing = 0;
		};
/* End PBXFrameworksBuildPhase section */

/* Begin PBXGroup section */
		344C31ED2AE70120009CE6B8 /* AppArchitectureExampleMock */ = {
			isa = PBXGroup;
			children = (
				344C31EE2AE70120009CE6B8 /* AppDelegate.swift */,
				344C31F02AE70120009CE6B8 /* SceneDelegate.swift */,
				344C31F72AE70121009CE6B8 /* Assets.xcassets */,
				344C31F92AE70121009CE6B8 /* LaunchScreen.storyboard */,
				344C31FC2AE70121009CE6B8 /* Info.plist */,
			);
			path = AppArchitectureExampleMock;
			sourceTree = "<group>";
		};
		34C3C5E22AA2014C00576795 = {
			isa = PBXGroup;
			children = (
				34C3C6022AA2034C00576795 /* App */,
				34C3C5ED2AA2014C00576795 /* AppArchitectureExample */,
				344C31ED2AE70120009CE6B8 /* AppArchitectureExampleMock */,
				34C3C5EC2AA2014C00576795 /* Products */,
				34C3C6092AA22E2900576795 /* Frameworks */,
			);
			sourceTree = "<group>";
		};
		34C3C5EC2AA2014C00576795 /* Products */ = {
			isa = PBXGroup;
			children = (
				34C3C5EB2AA2014C00576795 /* AppArchitectureExample.app */,
				344C31EC2AE70120009CE6B8 /* AppArchitectureExampleMock.app */,
			);
			name = Products;
			sourceTree = "<group>";
		};
		34C3C5ED2AA2014C00576795 /* AppArchitectureExample */ = {
			isa = PBXGroup;
			children = (
				34C3C5EE2AA2014C00576795 /* AppDelegate.swift */,
				34C3C5F02AA2014C00576795 /* SceneDelegate.swift */,
				34C3C5F72AA2015200576795 /* Assets.xcassets */,
				34C3C5F92AA2015200576795 /* LaunchScreen.storyboard */,
				34C3C5FC2AA2015200576795 /* Info.plist */,
			);
			path = AppArchitectureExample;
			sourceTree = "<group>";
		};
		34C3C6092AA22E2900576795 /* Frameworks */ = {
			isa = PBXGroup;
			children = (
			);
			name = Frameworks;
			sourceTree = "<group>";
		};
/* End PBXGroup section */

/* Begin PBXNativeTarget section */
		344C31EB2AE70120009CE6B8 /* AppArchitectureExampleMock */ = {
			isa = PBXNativeTarget;
			buildConfigurationList = 344C31FD2AE70121009CE6B8 /* Build configuration list for PBXNativeTarget "AppArchitectureExampleMock" */;
			buildPhases = (
				344C31E82AE70120009CE6B8 /* Sources */,
				344C31E92AE70120009CE6B8 /* Frameworks */,
				344C31EA2AE70120009CE6B8 /* Resources */,
			);
			buildRules = (
			);
			dependencies = (
			);
			name = AppArchitectureExampleMock;
			packageProductDependencies = (
				344C32002AE70158009CE6B8 /* AppFeature */,
			);
			productName = AppArchitectureExampleMock;
			productReference = 344C31EC2AE70120009CE6B8 /* AppArchitectureExampleMock.app */;
			productType = "com.apple.product-type.application";
		};
		34C3C5EA2AA2014C00576795 /* AppArchitectureExample */ = {
			isa = PBXNativeTarget;
			buildConfigurationList = 34C3C5FF2AA2015200576795 /* Build configuration list for PBXNativeTarget "AppArchitectureExample" */;
			buildPhases = (
				34C3C5E72AA2014C00576795 /* Sources */,
				34C3C5E82AA2014C00576795 /* Frameworks */,
				34C3C5E92AA2014C00576795 /* Resources */,
			);
			buildRules = (
			);
			dependencies = (
			);
			name = AppArchitectureExample;
			packageProductDependencies = (
				344C31E62AE7009E009CE6B8 /* AppFeatureLive */,
			);
			productName = AppArchitectureExample;
			productReference = 34C3C5EB2AA2014C00576795 /* AppArchitectureExample.app */;
			productType = "com.apple.product-type.application";
		};
/* End PBXNativeTarget section */

/* Begin PBXProject section */
		34C3C5E32AA2014C00576795 /* Project object */ = {
			isa = PBXProject;
			attributes = {
				BuildIndependentTargetsInParallel = 1;
				LastSwiftUpdateCheck = 1500;
				LastUpgradeCheck = 1500;
				TargetAttributes = {
					344C31EB2AE70120009CE6B8 = {
						CreatedOnToolsVersion = 15.0;
					};
					34C3C5EA2AA2014C00576795 = {
						CreatedOnToolsVersion = 14.3.1;
					};
				};
			};
			buildConfigurationList = 34C3C5E62AA2014C00576795 /* Build configuration list for PBXProject "AppArchitectureExample" */;
			compatibilityVersion = "Xcode 14.0";
			developmentRegion = en;
			hasScannedForEncodings = 0;
			knownRegions = (
				en,
				Base,
			);
			mainGroup = 34C3C5E22AA2014C00576795;
			productRefGroup = 34C3C5EC2AA2014C00576795 /* Products */;
			projectDirPath = "";
			projectRoot = "";
			targets = (
				34C3C5EA2AA2014C00576795 /* AppArchitectureExample */,
				344C31EB2AE70120009CE6B8 /* AppArchitectureExampleMock */,
			);
		};
/* End PBXProject section */

/* Begin PBXResourcesBuildPhase section */
		344C31EA2AE70120009CE6B8 /* Resources */ = {
			isa = PBXResourcesBuildPhase;
			buildActionMask = 2147483647;
			files = (
				344C31FB2AE70121009CE6B8 /* LaunchScreen.storyboard in Resources */,
				344C31F82AE70121009CE6B8 /* Assets.xcassets in Resources */,
			);
			runOnlyForDeploymentPostprocessing = 0;
		};
		34C3C5E92AA2014C00576795 /* Resources */ = {
			isa = PBXResourcesBuildPhase;
			buildActionMask = 2147483647;
			files = (
				34C3C5FB2AA2015200576795 /* LaunchScreen.storyboard in Resources */,
				34C3C5F82AA2015200576795 /* Assets.xcassets in Resources */,
			);
			runOnlyForDeploymentPostprocessing = 0;
		};
/* End PBXResourcesBuildPhase section */

/* Begin PBXSourcesBuildPhase section */
		344C31E82AE70120009CE6B8 /* Sources */ = {
			isa = PBXSourcesBuildPhase;
			buildActionMask = 2147483647;
			files = (
				344C31EF2AE70120009CE6B8 /* AppDelegate.swift in Sources */,
				344C31F12AE70120009CE6B8 /* SceneDelegate.swift in Sources */,
			);
			runOnlyForDeploymentPostprocessing = 0;
		};
		34C3C5E72AA2014C00576795 /* Sources */ = {
			isa = PBXSourcesBuildPhase;
			buildActionMask = 2147483647;
			files = (
				34C3C5EF2AA2014C00576795 /* AppDelegate.swift in Sources */,
				34C3C5F12AA2014C00576795 /* SceneDelegate.swift in Sources */,
			);
			runOnlyForDeploymentPostprocessing = 0;
		};
/* End PBXSourcesBuildPhase section */

/* Begin PBXVariantGroup section */
		344C31F92AE70121009CE6B8 /* LaunchScreen.storyboard */ = {
			isa = PBXVariantGroup;
			children = (
				344C31FA2AE70121009CE6B8 /* Base */,
			);
			name = LaunchScreen.storyboard;
			sourceTree = "<group>";
		};
		34C3C5F92AA2015200576795 /* LaunchScreen.storyboard */ = {
			isa = PBXVariantGroup;
			children = (
				34C3C5FA2AA2015200576795 /* Base */,
			);
			name = LaunchScreen.storyboard;
			sourceTree = "<group>";
		};
/* End PBXVariantGroup section */

/* Begin XCBuildConfiguration section */
		344C31FE2AE70121009CE6B8 /* Debug */ = {
			isa = XCBuildConfiguration;
			buildSettings = {
				ASSETCATALOG_COMPILER_APPICON_NAME = AppIcon;
				ASSETCATALOG_COMPILER_GENERATE_SWIFT_ASSET_SYMBOL_EXTENSIONS = YES;
				ASSETCATALOG_COMPILER_GLOBAL_ACCENT_COLOR_NAME = AccentColor;
				CODE_SIGN_STYLE = Automatic;
				CURRENT_PROJECT_VERSION = 1;
				DEVELOPMENT_TEAM = DNDPU4GVW4;
				ENABLE_USER_SCRIPT_SANDBOXING = YES;
				GCC_C_LANGUAGE_STANDARD = gnu17;
				GENERATE_INFOPLIST_FILE = YES;
				INFOPLIST_FILE = AppArchitectureExampleMock/Info.plist;
				INFOPLIST_KEY_UIApplicationSupportsIndirectInputEvents = YES;
				INFOPLIST_KEY_UILaunchStoryboardName = LaunchScreen;
				INFOPLIST_KEY_UISupportedInterfaceOrientations_iPad = "UIInterfaceOrientationPortrait UIInterfaceOrientationPortraitUpsideDown UIInterfaceOrientationLandscapeLeft UIInterfaceOrientationLandscapeRight";
				INFOPLIST_KEY_UISupportedInterfaceOrientations_iPhone = "UIInterfaceOrientationPortrait UIInterfaceOrientationLandscapeLeft UIInterfaceOrientationLandscapeRight";
				IPHONEOS_DEPLOYMENT_TARGET = 17.0;
				LD_RUNPATH_SEARCH_PATHS = (
					"$(inherited)",
					"@executable_path/Frameworks",
				);
				LOCALIZATION_PREFERS_STRING_CATALOGS = YES;
				MARKETING_VERSION = 1.0;
				PRODUCT_BUNDLE_IDENTIFIER = com.constantinezubovich.AppArchitectureExampleMock.AppArchitectureExampleMock;
				PRODUCT_NAME = "$(TARGET_NAME)";
				SWIFT_ACTIVE_COMPILATION_CONDITIONS = "DEBUG $(inherited)";
				SWIFT_EMIT_LOC_STRINGS = YES;
				SWIFT_VERSION = 5.0;
				TARGETED_DEVICE_FAMILY = "1,2";
			};
			name = Debug;
		};
		344C31FF2AE70121009CE6B8 /* Release */ = {
			isa = XCBuildConfiguration;
			buildSettings = {
				ASSETCATALOG_COMPILER_APPICON_NAME = AppIcon;
				ASSETCATALOG_COMPILER_GENERATE_SWIFT_ASSET_SYMBOL_EXTENSIONS = YES;
				ASSETCATALOG_COMPILER_GLOBAL_ACCENT_COLOR_NAME = AccentColor;
				CODE_SIGN_STYLE = Automatic;
				CURRENT_PROJECT_VERSION = 1;
				DEVELOPMENT_TEAM = DNDPU4GVW4;
				ENABLE_USER_SCRIPT_SANDBOXING = YES;
				GCC_C_LANGUAGE_STANDARD = gnu17;
				GENERATE_INFOPLIST_FILE = YES;
				INFOPLIST_FILE = AppArchitectureExampleMock/Info.plist;
				INFOPLIST_KEY_UIApplicationSupportsIndirectInputEvents = YES;
				INFOPLIST_KEY_UILaunchStoryboardName = LaunchScreen;
				INFOPLIST_KEY_UISupportedInterfaceOrientations_iPad = "UIInterfaceOrientationPortrait UIInterfaceOrientationPortraitUpsideDown UIInterfaceOrientationLandscapeLeft UIInterfaceOrientationLandscapeRight";
				INFOPLIST_KEY_UISupportedInterfaceOrientations_iPhone = "UIInterfaceOrientationPortrait UIInterfaceOrientationLandscapeLeft UIInterfaceOrientationLandscapeRight";
				IPHONEOS_DEPLOYMENT_TARGET = 17.0;
				LD_RUNPATH_SEARCH_PATHS = (
					"$(inherited)",
					"@executable_path/Frameworks",
				);
				LOCALIZATION_PREFERS_STRING_CATALOGS = YES;
				MARKETING_VERSION = 1.0;
				PRODUCT_BUNDLE_IDENTIFIER = com.constantinezubovich.AppArchitectureExampleMock.AppArchitectureExampleMock;
				PRODUCT_NAME = "$(TARGET_NAME)";
				SWIFT_EMIT_LOC_STRINGS = YES;
				SWIFT_VERSION = 5.0;
				TARGETED_DEVICE_FAMILY = "1,2";
			};
			name = Release;
		};
		34C3C5FD2AA2015200576795 /* Debug */ = {
			isa = XCBuildConfiguration;
			buildSettings = {
				ALWAYS_SEARCH_USER_PATHS = NO;
				ASSETCATALOG_COMPILER_GENERATE_SWIFT_ASSET_SYMBOL_EXTENSIONS = YES;
				CLANG_ANALYZER_NONNULL = YES;
				CLANG_ANALYZER_NUMBER_OBJECT_CONVERSION = YES_AGGRESSIVE;
				CLANG_CXX_LANGUAGE_STANDARD = "gnu++20";
				CLANG_ENABLE_MODULES = YES;
				CLANG_ENABLE_OBJC_ARC = YES;
				CLANG_ENABLE_OBJC_WEAK = YES;
				CLANG_WARN_BLOCK_CAPTURE_AUTORELEASING = YES;
				CLANG_WARN_BOOL_CONVERSION = YES;
				CLANG_WARN_COMMA = YES;
				CLANG_WARN_CONSTANT_CONVERSION = YES;
				CLANG_WARN_DEPRECATED_OBJC_IMPLEMENTATIONS = YES;
				CLANG_WARN_DIRECT_OBJC_ISA_USAGE = YES_ERROR;
				CLANG_WARN_DOCUMENTATION_COMMENTS = YES;
				CLANG_WARN_EMPTY_BODY = YES;
				CLANG_WARN_ENUM_CONVERSION = YES;
				CLANG_WARN_INFINITE_RECURSION = YES;
				CLANG_WARN_INT_CONVERSION = YES;
				CLANG_WARN_NON_LITERAL_NULL_CONVERSION = YES;
				CLANG_WARN_OBJC_IMPLICIT_RETAIN_SELF = YES;
				CLANG_WARN_OBJC_LITERAL_CONVERSION = YES;
				CLANG_WARN_OBJC_ROOT_CLASS = YES_ERROR;
				CLANG_WARN_QUOTED_INCLUDE_IN_FRAMEWORK_HEADER = YES;
				CLANG_WARN_RANGE_LOOP_ANALYSIS = YES;
				CLANG_WARN_STRICT_PROTOTYPES = YES;
				CLANG_WARN_SUSPICIOUS_MOVE = YES;
				CLANG_WARN_UNGUARDED_AVAILABILITY = YES_AGGRESSIVE;
				CLANG_WARN_UNREACHABLE_CODE = YES;
				CLANG_WARN__DUPLICATE_METHOD_MATCH = YES;
				COPY_PHASE_STRIP = NO;
				DEBUG_INFORMATION_FORMAT = dwarf;
				ENABLE_STRICT_OBJC_MSGSEND = YES;
				ENABLE_TESTABILITY = YES;
				GCC_C_LANGUAGE_STANDARD = gnu11;
				GCC_DYNAMIC_NO_PIC = NO;
				GCC_NO_COMMON_BLOCKS = YES;
				GCC_OPTIMIZATION_LEVEL = 0;
				GCC_PREPROCESSOR_DEFINITIONS = (
					"DEBUG=1",
					"$(inherited)",
				);
				GCC_WARN_64_TO_32_BIT_CONVERSION = YES;
				GCC_WARN_ABOUT_RETURN_TYPE = YES_ERROR;
				GCC_WARN_UNDECLARED_SELECTOR = YES;
				GCC_WARN_UNINITIALIZED_AUTOS = YES_AGGRESSIVE;
				GCC_WARN_UNUSED_FUNCTION = YES;
				GCC_WARN_UNUSED_VARIABLE = YES;
				IPHONEOS_DEPLOYMENT_TARGET = 16.4;
				MTL_ENABLE_DEBUG_INFO = INCLUDE_SOURCE;
				MTL_FAST_MATH = YES;
				ONLY_ACTIVE_ARCH = YES;
				SDKROOT = iphoneos;
				SWIFT_ACTIVE_COMPILATION_CONDITIONS = DEBUG;
				SWIFT_OPTIMIZATION_LEVEL = "-Onone";
			};
			name = Debug;
		};
		34C3C5FE2AA2015200576795 /* Release */ = {
			isa = XCBuildConfiguration;
			buildSettings = {
				ALWAYS_SEARCH_USER_PATHS = NO;
				ASSETCATALOG_COMPILER_GENERATE_SWIFT_ASSET_SYMBOL_EXTENSIONS = YES;
				CLANG_ANALYZER_NONNULL = YES;
				CLANG_ANALYZER_NUMBER_OBJECT_CONVERSION = YES_AGGRESSIVE;
				CLANG_CXX_LANGUAGE_STANDARD = "gnu++20";
				CLANG_ENABLE_MODULES = YES;
				CLANG_ENABLE_OBJC_ARC = YES;
				CLANG_ENABLE_OBJC_WEAK = YES;
				CLANG_WARN_BLOCK_CAPTURE_AUTORELEASING = YES;
				CLANG_WARN_BOOL_CONVERSION = YES;
				CLANG_WARN_COMMA = YES;
				CLANG_WARN_CONSTANT_CONVERSION = YES;
				CLANG_WARN_DEPRECATED_OBJC_IMPLEMENTATIONS = YES;
				CLANG_WARN_DIRECT_OBJC_ISA_USAGE = YES_ERROR;
				CLANG_WARN_DOCUMENTATION_COMMENTS = YES;
				CLANG_WARN_EMPTY_BODY = YES;
				CLANG_WARN_ENUM_CONVERSION = YES;
				CLANG_WARN_INFINITE_RECURSION = YES;
				CLANG_WARN_INT_CONVERSION = YES;
				CLANG_WARN_NON_LITERAL_NULL_CONVERSION = YES;
				CLANG_WARN_OBJC_IMPLICIT_RETAIN_SELF = YES;
				CLANG_WARN_OBJC_LITERAL_CONVERSION = YES;
				CLANG_WARN_OBJC_ROOT_CLASS = YES_ERROR;
				CLANG_WARN_QUOTED_INCLUDE_IN_FRAMEWORK_HEADER = YES;
				CLANG_WARN_RANGE_LOOP_ANALYSIS = YES;
				CLANG_WARN_STRICT_PROTOTYPES = YES;
				CLANG_WARN_SUSPICIOUS_MOVE = YES;
				CLANG_WARN_UNGUARDED_AVAILABILITY = YES_AGGRESSIVE;
				CLANG_WARN_UNREACHABLE_CODE = YES;
				CLANG_WARN__DUPLICATE_METHOD_MATCH = YES;
				COPY_PHASE_STRIP = NO;
				DEBUG_INFORMATION_FORMAT = "dwarf-with-dsym";
				ENABLE_NS_ASSERTIONS = NO;
				ENABLE_STRICT_OBJC_MSGSEND = YES;
				GCC_C_LANGUAGE_STANDARD = gnu11;
				GCC_NO_COMMON_BLOCKS = YES;
				GCC_WARN_64_TO_32_BIT_CONVERSION = YES;
				GCC_WARN_ABOUT_RETURN_TYPE = YES_ERROR;
				GCC_WARN_UNDECLARED_SELECTOR = YES;
				GCC_WARN_UNINITIALIZED_AUTOS = YES_AGGRESSIVE;
				GCC_WARN_UNUSED_FUNCTION = YES;
				GCC_WARN_UNUSED_VARIABLE = YES;
				IPHONEOS_DEPLOYMENT_TARGET = 16.4;
				MTL_ENABLE_DEBUG_INFO = NO;
				MTL_FAST_MATH = YES;
				SDKROOT = iphoneos;
				SWIFT_COMPILATION_MODE = wholemodule;
				SWIFT_OPTIMIZATION_LEVEL = "-O";
				VALIDATE_PRODUCT = YES;
			};
			name = Release;
		};
		34C3C6002AA2015200576795 /* Debug */ = {
			isa = XCBuildConfiguration;
			buildSettings = {
				ASSETCATALOG_COMPILER_APPICON_NAME = AppIcon;
				ASSETCATALOG_COMPILER_GLOBAL_ACCENT_COLOR_NAME = AccentColor;
				CODE_SIGN_STYLE = Automatic;
				CURRENT_PROJECT_VERSION = 1;
				DEVELOPMENT_TEAM = DNDPU4GVW4;
				GENERATE_INFOPLIST_FILE = YES;
				INFOPLIST_FILE = AppArchitectureExample/Info.plist;
				INFOPLIST_KEY_UIApplicationSupportsIndirectInputEvents = YES;
				INFOPLIST_KEY_UILaunchStoryboardName = LaunchScreen;
				INFOPLIST_KEY_UISupportedInterfaceOrientations_iPad = "UIInterfaceOrientationPortrait UIInterfaceOrientationPortraitUpsideDown UIInterfaceOrientationLandscapeLeft UIInterfaceOrientationLandscapeRight";
				INFOPLIST_KEY_UISupportedInterfaceOrientations_iPhone = "UIInterfaceOrientationPortrait UIInterfaceOrientationLandscapeLeft UIInterfaceOrientationLandscapeRight";
				IPHONEOS_DEPLOYMENT_TARGET = 17.0;
				LD_RUNPATH_SEARCH_PATHS = (
					"$(inherited)",
					"@executable_path/Frameworks",
				);
				MARKETING_VERSION = 1.0;
				PRODUCT_BUNDLE_IDENTIFIER = com.constantinezubovich.AppArchitectureExample;
				PRODUCT_NAME = "$(TARGET_NAME)";
				SWIFT_EMIT_LOC_STRINGS = YES;
				SWIFT_VERSION = 5.0;
				TARGETED_DEVICE_FAMILY = "1,2";
			};
			name = Debug;
		};
		34C3C6012AA2015200576795 /* Release */ = {
			isa = XCBuildConfiguration;
			buildSettings = {
				ASSETCATALOG_COMPILER_APPICON_NAME = AppIcon;
				ASSETCATALOG_COMPILER_GLOBAL_ACCENT_COLOR_NAME = AccentColor;
				CODE_SIGN_STYLE = Automatic;
				CURRENT_PROJECT_VERSION = 1;
				DEVELOPMENT_TEAM = DNDPU4GVW4;
				GENERATE_INFOPLIST_FILE = YES;
				INFOPLIST_FILE = AppArchitectureExample/Info.plist;
				INFOPLIST_KEY_UIApplicationSupportsIndirectInputEvents = YES;
				INFOPLIST_KEY_UILaunchStoryboardName = LaunchScreen;
				INFOPLIST_KEY_UISupportedInterfaceOrientations_iPad = "UIInterfaceOrientationPortrait UIInterfaceOrientationPortraitUpsideDown UIInterfaceOrientationLandscapeLeft UIInterfaceOrientationLandscapeRight";
				INFOPLIST_KEY_UISupportedInterfaceOrientations_iPhone = "UIInterfaceOrientationPortrait UIInterfaceOrientationLandscapeLeft UIInterfaceOrientationLandscapeRight";
				IPHONEOS_DEPLOYMENT_TARGET = 17.0;
				LD_RUNPATH_SEARCH_PATHS = (
					"$(inherited)",
					"@executable_path/Frameworks",
				);
				MARKETING_VERSION = 1.0;
				PRODUCT_BUNDLE_IDENTIFIER = com.constantinezubovich.AppArchitectureExample;
				PRODUCT_NAME = "$(TARGET_NAME)";
				SWIFT_EMIT_LOC_STRINGS = YES;
				SWIFT_VERSION = 5.0;
				TARGETED_DEVICE_FAMILY = "1,2";
			};
			name = Release;
		};
/* End XCBuildConfiguration section */

/* Begin XCConfigurationList section */
		344C31FD2AE70121009CE6B8 /* Build configuration list for PBXNativeTarget "AppArchitectureExampleMock" */ = {
			isa = XCConfigurationList;
			buildConfigurations = (
				344C31FE2AE70121009CE6B8 /* Debug */,
				344C31FF2AE70121009CE6B8 /* Release */,
			);
			defaultConfigurationIsVisible = 0;
			defaultConfigurationName = Release;
		};
		34C3C5E62AA2014C00576795 /* Build configuration list for PBXProject "AppArchitectureExample" */ = {
			isa = XCConfigurationList;
			buildConfigurations = (
				34C3C5FD2AA2015200576795 /* Debug */,
				34C3C5FE2AA2015200576795 /* Release */,
			);
			defaultConfigurationIsVisible = 0;
			defaultConfigurationName = Release;
		};
		34C3C5FF2AA2015200576795 /* Build configuration list for PBXNativeTarget "AppArchitectureExample" */ = {
			isa = XCConfigurationList;
			buildConfigurations = (
				34C3C6002AA2015200576795 /* Debug */,
				34C3C6012AA2015200576795 /* Release */,
			);
			defaultConfigurationIsVisible = 0;
			defaultConfigurationName = Release;
		};
/* End XCConfigurationList section */

/* Begin XCSwiftPackageProductDependency section */
		344C31E62AE7009E009CE6B8 /* AppFeatureLive */ = {
			isa = XCSwiftPackageProductDependency;
			productName = AppFeatureLive;
		};
		344C32002AE70158009CE6B8 /* AppFeature */ = {
			isa = XCSwiftPackageProductDependency;
			productName = AppFeature;
		};
/* End XCSwiftPackageProductDependency section */
	};
	rootObject = 34C3C5E32AA2014C00576795 /* Project object */;
}
